
Microsoft Visual Studio Solution File, Format Version 12.00
# Visual Studio Version 17
VisualStudioVersion = 17.2.32602.215
MinimumVisualStudioVersion = 10.0.40219.1
Project("{2150E333-8FDC-42A3-9474-1A3956D46DE8}") = "src", "src", "{33820CFC-6ED4-4534-BFB8-7E0715CE706A}"
EndProject
Project("{2150E333-8FDC-42A3-9474-1A3956D46DE8}") = "Building Block", "Building Block", "{840D0BCB-8B61-4429-9313-7285D448039A}"
EndProject
Project("{2150E333-8FDC-42A3-9474-1A3956D46DE8}") = "Services", "Services", "{D1270EDD-35A8-48E8-B91C-9732A20EAFB1}"
EndProject
Project("{2150E333-8FDC-42A3-9474-1A3956D46DE8}") = "Web", "Web", "{F7B31568-A675-4397-B82B-C23218831555}"
EndProject
Project("{2150E333-8FDC-42A3-9474-1A3956D46DE8}") = "Identidade", "Identidade", "{F6D9C3CD-3F0F-41CF-BC93-C4F092532207}"
EndProject
Project("{FAE04EC0-301F-11D3-BF4B-00C04F79EFBC}") = "NSE.Identidade.API", "src\services\NSE.Identidade.API\NSE.Identidade.API.csproj", "{63273F8A-80B8-4EB2-8618-84D7EFBF5978}"
EndProject
Project("{2150E333-8FDC-42A3-9474-1A3956D46DE8}") = "MVC", "MVC", "{9E7EDE3C-4C84-450D-B406-E4CDCFCF9B99}"
EndProject
Project("{FAE04EC0-301F-11D3-BF4B-00C04F79EFBC}") = "NSE.WebApp.MVC", "src\web\NSE.WebApp.MVC\NSE.WebApp.MVC.csproj", "{7C1B7B53-E379-44AD-902B-AF390AC25BD3}"
EndProject
Project("{2150E333-8FDC-42A3-9474-1A3956D46DE8}") = "Core", "Core", "{D5781804-885F-4E51-B18E-240A7AF74396}"
EndProject
Project("{FAE04EC0-301F-11D3-BF4B-00C04F79EFBC}") = "NSE.Core", "src\building blocks\NSE.Core\NSE.Core.csproj", "{36598FBD-45A9-47CD-A3C9-15441D7D719A}"
EndProject
Project("{2150E333-8FDC-42A3-9474-1A3956D46DE8}") = "Carrinho", "Carrinho", "{ED439D7A-208C-4183-A1FD-F76B2870B536}"
EndProject
Project("{2150E333-8FDC-42A3-9474-1A3956D46DE8}") = "Cliente", "Cliente", "{237C766B-EB50-42C0-BB44-87BC26F8AC64}"
EndProject
Project("{2150E333-8FDC-42A3-9474-1A3956D46DE8}") = "Pagamento", "Pagamento", "{7749510D-DC0B-4CEB-90AC-DDB0D2622F8C}"
EndProject
Project("{2150E333-8FDC-42A3-9474-1A3956D46DE8}") = "Pedido", "Pedido", "{B63F2262-AA1E-447C-9144-5CC50C42CD6F}"
EndProject
Project("{2150E333-8FDC-42A3-9474-1A3956D46DE8}") = "Catalogo", "Catalogo", "{F85B8EA2-0469-4F42-9098-1BFB50C158B0}"
EndProject
Global
	GlobalSection(SolutionConfigurationPlatforms) = preSolution
		Debug|Any CPU = Debug|Any CPU
		Release|Any CPU = Release|Any CPU
	EndGlobalSection
	GlobalSection(ProjectConfigurationPlatforms) = postSolution
		{63273F8A-80B8-4EB2-8618-84D7EFBF5978}.Debug|Any CPU.ActiveCfg = Debug|Any CPU
		{63273F8A-80B8-4EB2-8618-84D7EFBF5978}.Debug|Any CPU.Build.0 = Debug|Any CPU
		{63273F8A-80B8-4EB2-8618-84D7EFBF5978}.Release|Any CPU.ActiveCfg = Release|Any CPU
		{63273F8A-80B8-4EB2-8618-84D7EFBF5978}.Release|Any CPU.Build.0 = Release|Any CPU
		{7C1B7B53-E379-44AD-902B-AF390AC25BD3}.Debug|Any CPU.ActiveCfg = Debug|Any CPU
		{7C1B7B53-E379-44AD-902B-AF390AC25BD3}.Debug|Any CPU.Build.0 = Debug|Any CPU
		{7C1B7B53-E379-44AD-902B-AF390AC25BD3}.Release|Any CPU.ActiveCfg = Release|Any CPU
		{7C1B7B53-E379-44AD-902B-AF390AC25BD3}.Release|Any CPU.Build.0 = Release|Any CPU
		{36598FBD-45A9-47CD-A3C9-15441D7D719A}.Debug|Any CPU.ActiveCfg = Debug|Any CPU
		{36598FBD-45A9-47CD-A3C9-15441D7D719A}.Debug|Any CPU.Build.0 = Debug|Any CPU
		{36598FBD-45A9-47CD-A3C9-15441D7D719A}.Release|Any CPU.ActiveCfg = Release|Any CPU
		{36598FBD-45A9-47CD-A3C9-15441D7D719A}.Release|Any CPU.Build.0 = Release|Any CPU
	EndGlobalSection
	GlobalSection(SolutionProperties) = preSolution
		HideSolutionNode = FALSE
	EndGlobalSection
	GlobalSection(NestedProjects) = preSolution
		{840D0BCB-8B61-4429-9313-7285D448039A} = {33820CFC-6ED4-4534-BFB8-7E0715CE706A}
		{D1270EDD-35A8-48E8-B91C-9732A20EAFB1} = {33820CFC-6ED4-4534-BFB8-7E0715CE706A}
		{F7B31568-A675-4397-B82B-C23218831555} = {33820CFC-6ED4-4534-BFB8-7E0715CE706A}
		{F6D9C3CD-3F0F-41CF-BC93-C4F092532207} = {D1270EDD-35A8-48E8-B91C-9732A20EAFB1}
		{63273F8A-80B8-4EB2-8618-84D7EFBF5978} = {F6D9C3CD-3F0F-41CF-BC93-C4F092532207}
		{9E7EDE3C-4C84-450D-B406-E4CDCFCF9B99} = {F7B31568-A675-4397-B82B-C23218831555}
		{7C1B7B53-E379-44AD-902B-AF390AC25BD3} = {9E7EDE3C-4C84-450D-B406-E4CDCFCF9B99}
		{D5781804-885F-4E51-B18E-240A7AF74396} = {840D0BCB-8B61-4429-9313-7285D448039A}
		{36598FBD-45A9-47CD-A3C9-15441D7D719A} = {D5781804-885F-4E51-B18E-240A7AF74396}
		{ED439D7A-208C-4183-A1FD-F76B2870B536} = {D1270EDD-35A8-48E8-B91C-9732A20EAFB1}
		{237C766B-EB50-42C0-BB44-87BC26F8AC64} = {D1270EDD-35A8-48E8-B91C-9732A20EAFB1}
		{7749510D-DC0B-4CEB-90AC-DDB0D2622F8C} = {D1270EDD-35A8-48E8-B91C-9732A20EAFB1}
		{B63F2262-AA1E-447C-9144-5CC50C42CD6F} = {D1270EDD-35A8-48E8-B91C-9732A20EAFB1}
		{F85B8EA2-0469-4F42-9098-1BFB50C158B0} = {D1270EDD-35A8-48E8-B91C-9732A20EAFB1}
	EndGlobalSection
	GlobalSection(ExtensibilityGlobals) = postSolution
		SolutionGuid = {886C700D-C1E9-433B-A424-369FF52D695E}
	EndGlobalSection
EndGlobal
